
Microsoft Visual Studio Solution File, Format Version 12.00
# Visual Studio Version 16
VisualStudioVersion = 16.0.32802.440
MinimumVisualStudioVersion = 10.0.40219.1
Project("{FAE04EC0-301F-11D3-BF4B-00C04F79EFBC}") = "WinFormsApp-Lab2-DTD", "WinFormsApp-Lab2-DTD\WinFormsApp-Lab2-DTD.csproj", "{7DC14095-5BD1-43AA-BC3A-5A5182039F34}"
EndProject
Global
	GlobalSection(SolutionConfigurationPlatforms) = preSolution
		Debug|Any CPU = Debug|Any CPU
		Release|Any CPU = Release|Any CPU
	EndGlobalSection
	GlobalSection(ProjectConfigurationPlatforms) = postSolution
		{7DC14095-5BD1-43AA-BC3A-5A5182039F34}.Debug|Any CPU.ActiveCfg = Debug|Any CPU
		{7DC14095-5BD1-43AA-BC3A-5A5182039F34}.Debug|Any CPU.Build.0 = Debug|Any CPU
		{7DC14095-5BD1-43AA-BC3A-5A5182039F34}.Release|Any CPU.ActiveCfg = Release|Any CPU
		{7DC14095-5BD1-43AA-BC3A-5A5182039F34}.Release|Any CPU.Build.0 = Release|Any CPU
	EndGlobalSection
	GlobalSection(SolutionProperties) = preSolution
		HideSolutionNode = FALSE
	EndGlobalSection
	GlobalSection(ExtensibilityGlobals) = postSolution
		SolutionGuid = {19164447-3D70-473D-85F3-C8FA25B2E840}
	EndGlobalSection
EndGlobal
